
Microsoft Visual Studio Solution File, Format Version 12.00
# Visual Studio 14
VisualStudioVersion = 14.0.25123.0
MinimumVisualStudioVersion = 10.0.40219.1
Project("{FAE04EC0-301F-11D3-BF4B-00C04F79EFBC}") = "WebApplication1", "WebApplication1\WebApplication1.csproj", "{992D3A4A-5374-41CF-A4CE-3CD3DEC307FE}"
EndProject
Project("{FAE04EC0-301F-11D3-BF4B-00C04F79EFBC}") = "ColonyServerWebApplication", "ColonyServerWebApplication\ColonyServerWebApplication.csproj", "{F35BB250-6D79-4B85-807A-A7672F2B804D}"
	ProjectSection(ProjectDependencies) = postProject
		{992D3A4A-5374-41CF-A4CE-3CD3DEC307FE} = {992D3A4A-5374-41CF-A4CE-3CD3DEC307FE}
	EndProjectSection
EndProject
Project("{2150E333-8FDC-42A3-9474-1A3956D46DE8}") = "PublishScripts", "PublishScripts", "{AB062D70-4ECF-4BEA-9523-39D11BEB7534}"
EndProject
Project("{2150E333-8FDC-42A3-9474-1A3956D46DE8}") = "Scripts", "Scripts", "{E2286993-4967-45DA-BCBD-2D2453EB7BC2}"
	ProjectSection(SolutionItems) = preProject
		PublishScripts\Scripts\Deploy-AzureResourceGroup.ps1 = PublishScripts\Scripts\Deploy-AzureResourceGroup.ps1
	EndProjectSection
EndProject
Project("{2150E333-8FDC-42A3-9474-1A3956D46DE8}") = "Templates", "Templates", "{721F2EA5-E33C-45DC-B814-7B61011A548C}"
	ProjectSection(SolutionItems) = preProject
		PublishScripts\Templates\ColonyServerWebApplication.json = PublishScripts\Templates\ColonyServerWebApplication.json
		PublishScripts\Templates\ColonyServerWebApplication.param.dev.json = PublishScripts\Templates\ColonyServerWebApplication.param.dev.json
	EndProjectSection
EndProject
Global
	GlobalSection(SolutionConfigurationPlatforms) = preSolution
		Debug|Any CPU = Debug|Any CPU
		Release|Any CPU = Release|Any CPU
	EndGlobalSection
	GlobalSection(ProjectConfigurationPlatforms) = postSolution
		{992D3A4A-5374-41CF-A4CE-3CD3DEC307FE}.Debug|Any CPU.ActiveCfg = Debug|Any CPU
		{992D3A4A-5374-41CF-A4CE-3CD3DEC307FE}.Debug|Any CPU.Build.0 = Debug|Any CPU
		{992D3A4A-5374-41CF-A4CE-3CD3DEC307FE}.Release|Any CPU.ActiveCfg = Release|Any CPU
		{992D3A4A-5374-41CF-A4CE-3CD3DEC307FE}.Release|Any CPU.Build.0 = Release|Any CPU
		{F35BB250-6D79-4B85-807A-A7672F2B804D}.Debug|Any CPU.ActiveCfg = Debug|Any CPU
		{F35BB250-6D79-4B85-807A-A7672F2B804D}.Debug|Any CPU.Build.0 = Debug|Any CPU
		{F35BB250-6D79-4B85-807A-A7672F2B804D}.Release|Any CPU.ActiveCfg = Release|Any CPU
		{F35BB250-6D79-4B85-807A-A7672F2B804D}.Release|Any CPU.Build.0 = Release|Any CPU
	EndGlobalSection
	GlobalSection(SolutionProperties) = preSolution
		HideSolutionNode = FALSE
	EndGlobalSection
	GlobalSection(NestedProjects) = preSolution
		{E2286993-4967-45DA-BCBD-2D2453EB7BC2} = {AB062D70-4ECF-4BEA-9523-39D11BEB7534}
		{721F2EA5-E33C-45DC-B814-7B61011A548C} = {AB062D70-4ECF-4BEA-9523-39D11BEB7534}
	EndGlobalSection
EndGlobal
